
Microsoft Visual Studio Solution File, Format Version 12.00
# Visual Studio Version 17
VisualStudioVersion = 17.14.36301.6
MinimumVisualStudioVersion = 10.0.40219.1
Project("{FAE04EC0-301F-11D3-BF4B-00C04F79EFBC}") = "Bai6_PhieuBaiTap1", "Bai6_PhieuBaiTap1\Bai6_PhieuBaiTap1.csproj", "{315E7DAE-6CCA-43BD-BF0E-87BDA2F9B08B}"
EndProject
Project("{FAE04EC0-301F-11D3-BF4B-00C04F79EFBC}") = "Test", "Test\Test.csproj", "{4AC4E34F-EEF0-4FFA-AFE2-7743B9FF7CAB}"
EndProject
Global
	GlobalSection(SolutionConfigurationPlatforms) = preSolution
		Debug|Any CPU = Debug|Any CPU
		Release|Any CPU = Release|Any CPU
	EndGlobalSection
	GlobalSection(ProjectConfigurationPlatforms) = postSolution
		{315E7DAE-6CCA-43BD-BF0E-87BDA2F9B08B}.Debug|Any CPU.ActiveCfg = Debug|Any CPU
		{315E7DAE-6CCA-43BD-BF0E-87BDA2F9B08B}.Debug|Any CPU.Build.0 = Debug|Any CPU
		{315E7DAE-6CCA-43BD-BF0E-87BDA2F9B08B}.Release|Any CPU.ActiveCfg = Release|Any CPU
		{315E7DAE-6CCA-43BD-BF0E-87BDA2F9B08B}.Release|Any CPU.Build.0 = Release|Any CPU
		{4AC4E34F-EEF0-4FFA-AFE2-7743B9FF7CAB}.Debug|Any CPU.ActiveCfg = Debug|Any CPU
		{4AC4E34F-EEF0-4FFA-AFE2-7743B9FF7CAB}.Debug|Any CPU.Build.0 = Debug|Any CPU
		{4AC4E34F-EEF0-4FFA-AFE2-7743B9FF7CAB}.Release|Any CPU.ActiveCfg = Release|Any CPU
		{4AC4E34F-EEF0-4FFA-AFE2-7743B9FF7CAB}.Release|Any CPU.Build.0 = Release|Any CPU
	EndGlobalSection
	GlobalSection(SolutionProperties) = preSolution
		HideSolutionNode = FALSE
	EndGlobalSection
	GlobalSection(ExtensibilityGlobals) = postSolution
		SolutionGuid = {1AAE08D0-A748-41B3-A7EC-243F9BD8973B}
	EndGlobalSection
EndGlobal
